
Microsoft Visual Studio Solution File, Format Version 12.00
# Visual Studio Version 17
VisualStudioVersion = 17.11.35208.52
MinimumVisualStudioVersion = 10.0.40219.1
Project("{FAE04EC0-301F-11D3-BF4B-00C04F79EFBC}") = "CustomBlazorInputs", "CustomBlazorInputs.csproj", "{AA73B1FB-A4E5-40CB-A396-897266AA0A16}"
EndProject
Global
	GlobalSection(SolutionConfigurationPlatforms) = preSolution
		Debug|Any CPU = Debug|Any CPU
		Release|Any CPU = Release|Any CPU
	EndGlobalSection
	GlobalSection(ProjectConfigurationPlatforms) = postSolution
		{AA73B1FB-A4E5-40CB-A396-897266AA0A16}.Debug|Any CPU.ActiveCfg = Debug|Any CPU
		{AA73B1FB-A4E5-40CB-A396-897266AA0A16}.Debug|Any CPU.Build.0 = Debug|Any CPU
		{AA73B1FB-A4E5-40CB-A396-897266AA0A16}.Release|Any CPU.ActiveCfg = Release|Any CPU
		{AA73B1FB-A4E5-40CB-A396-897266AA0A16}.Release|Any CPU.Build.0 = Release|Any CPU
	EndGlobalSection
	GlobalSection(SolutionProperties) = preSolution
		HideSolutionNode = FALSE
	EndGlobalSection
	GlobalSection(ExtensibilityGlobals) = postSolution
		SolutionGuid = {5426FC07-7A62-4070-BFEC-98A45ADE1BFC}
	EndGlobalSection
EndGlobal
